{
  "name": "i18n-demo",
  "version": "1.0.0",
  "lockfileVersion": 2,
  "requires": true,
  "packages": {
    "": {
      "name": "i18n-demo",
      "version": "1.0.0",
      "license": "ISC",
      "dependencies": {
        "auto-script": "file:../auto-script"
      }
    },
    " ../autoscript": {
      "extraneous": true
    },
    "../auto-script": {
      "version": "1.0.0",
      "license": "ISC",
      "dependencies": {
        "axios": "^0.27.2",
        "fse": "^4.0.1",
        "glob": "^8.0.3",
        "jiti": "^1.15.0",
        "prettier": "^2.7.1"
      },
      "bin": {
        "auto-script": "bin/auto-script.mjs"
      },
      "devDependencies": {
        "unbuild": "^0.8.10"
      }
    },
    "node_modules/auto-script": {
      "resolved": "../auto-script",
      "link": true
    }
  },
  "dependencies": {
    "auto-script": {
      "version": "file:../auto-script",
      "requires": {
        "axios": "^0.27.2",
        "fse": "^4.0.1",
        "glob": "^8.0.3",
        "jiti": "^1.15.0",
        "prettier": "^2.7.1",
        "unbuild": "^0.8.10"
      }
    }
  }
}
